# This file is autogenerated, do not edit; changes may be undone by the next 'dep ensure'.


[[projects]]
  branch = "master"
  digest = "1:5ecd8ef64da4b4382cc26b6f17eb69abcb3a102426ad891caa01b6fa921a674c"
  name = "github.com/kg6zvp/go-intdian"
  packages = ["."]
  pruneopts = "UT"
  revision = "c01b34b5fad1c794387956f0f79b896caa75e024"

[solve-meta]
  analyzer-name = "dep"
  analyzer-version = 1
  input-imports = ["github.com/kg6zvp/go-intdian"]
  solver-name = "gps-cdcl"
  solver-version = 1
